{
  "name": "root",
  "lockfileVersion": 2,
  "requires": true,
  "packages": {
    "": {
      "name": "root",
      "workspaces": [
        "packages/*"
      ]
    },
    "node_modules/pkg-one": {
      "resolved": "packages/pkg-one",
      "link": true
    },
    "packages/pkg-one": {}
  },
  "dependencies": {
    "pkg-one": {
      "version": "file:packages/pkg-one"
    }
  }
}
